
Microsoft Visual Studio Solution File, Format Version 12.00
# Visual Studio Version 17
VisualStudioVersion = 17.5.002.0
MinimumVisualStudioVersion = 10.0.40219.1
Project("{9A19103F-16F7-4668-BE54-9A1E7A4F7556}") = "while_prog_6_46_Opanasenko", "while_prog_6_46_Opanasenko.csproj", "{7B1D11E9-BF00-4D89-9FB1-2C2FC74192EC}"
EndProject
Global
	GlobalSection(SolutionConfigurationPlatforms) = preSolution
		Debug|Any CPU = Debug|Any CPU
		Release|Any CPU = Release|Any CPU
	EndGlobalSection
	GlobalSection(ProjectConfigurationPlatforms) = postSolution
		{7B1D11E9-BF00-4D89-9FB1-2C2FC74192EC}.Debug|Any CPU.ActiveCfg = Debug|Any CPU
		{7B1D11E9-BF00-4D89-9FB1-2C2FC74192EC}.Debug|Any CPU.Build.0 = Debug|Any CPU
		{7B1D11E9-BF00-4D89-9FB1-2C2FC74192EC}.Release|Any CPU.ActiveCfg = Release|Any CPU
		{7B1D11E9-BF00-4D89-9FB1-2C2FC74192EC}.Release|Any CPU.Build.0 = Release|Any CPU
	EndGlobalSection
	GlobalSection(SolutionProperties) = preSolution
		HideSolutionNode = FALSE
	EndGlobalSection
	GlobalSection(ExtensibilityGlobals) = postSolution
		SolutionGuid = {90F8DA94-E3DE-4576-BAAC-CFC531263E7C}
	EndGlobalSection
EndGlobal
