
Microsoft Visual Studio Solution File, Format Version 12.00
# Visual Studio Version 17
VisualStudioVersion = 17.8.34511.84
MinimumVisualStudioVersion = 10.0.40219.1
Project("{FAE04EC0-301F-11D3-BF4B-00C04F79EFBC}") = "smo_1", "smo_1\smo_1.csproj", "{7BBA80D6-5242-40C9-8664-0885088B1F4A}"
EndProject
Global
	GlobalSection(SolutionConfigurationPlatforms) = preSolution
		Debug|Any CPU = Debug|Any CPU
		Release|Any CPU = Release|Any CPU
	EndGlobalSection
	GlobalSection(ProjectConfigurationPlatforms) = postSolution
		{7BBA80D6-5242-40C9-8664-0885088B1F4A}.Debug|Any CPU.ActiveCfg = Debug|Any CPU
		{7BBA80D6-5242-40C9-8664-0885088B1F4A}.Debug|Any CPU.Build.0 = Debug|Any CPU
		{7BBA80D6-5242-40C9-8664-0885088B1F4A}.Release|Any CPU.ActiveCfg = Release|Any CPU
		{7BBA80D6-5242-40C9-8664-0885088B1F4A}.Release|Any CPU.Build.0 = Release|Any CPU
	EndGlobalSection
	GlobalSection(SolutionProperties) = preSolution
		HideSolutionNode = FALSE
	EndGlobalSection
	GlobalSection(ExtensibilityGlobals) = postSolution
		SolutionGuid = {636799F5-97F6-4CC3-8E86-AAB4BF6CFDE1}
	EndGlobalSection
EndGlobal
