
Microsoft Visual Studio Solution File, Format Version 12.00
# Visual Studio Version 17
VisualStudioVersion = 17.8.34511.84
MinimumVisualStudioVersion = 10.0.40219.1
Project("{8BC9CEB8-8B4A-11D0-8D11-00A0C91BC942}") = "sea_fight", "sea_fight\sea_fight.vcxproj", "{A63C4C7F-82ED-4CA2-B613-95598B6DA2BF}"
EndProject
Global
	GlobalSection(SolutionConfigurationPlatforms) = preSolution
		Debug|x64 = Debug|x64
		Debug|x86 = Debug|x86
		Release|x64 = Release|x64
		Release|x86 = Release|x86
	EndGlobalSection
	GlobalSection(ProjectConfigurationPlatforms) = postSolution
		{A63C4C7F-82ED-4CA2-B613-95598B6DA2BF}.Debug|x64.ActiveCfg = Debug|x64
		{A63C4C7F-82ED-4CA2-B613-95598B6DA2BF}.Debug|x64.Build.0 = Debug|x64
		{A63C4C7F-82ED-4CA2-B613-95598B6DA2BF}.Debug|x86.ActiveCfg = Debug|Win32
		{A63C4C7F-82ED-4CA2-B613-95598B6DA2BF}.Debug|x86.Build.0 = Debug|Win32
		{A63C4C7F-82ED-4CA2-B613-95598B6DA2BF}.Release|x64.ActiveCfg = Release|x64
		{A63C4C7F-82ED-4CA2-B613-95598B6DA2BF}.Release|x64.Build.0 = Release|x64
		{A63C4C7F-82ED-4CA2-B613-95598B6DA2BF}.Release|x86.ActiveCfg = Release|Win32
		{A63C4C7F-82ED-4CA2-B613-95598B6DA2BF}.Release|x86.Build.0 = Release|Win32
	EndGlobalSection
	GlobalSection(SolutionProperties) = preSolution
		HideSolutionNode = FALSE
	EndGlobalSection
	GlobalSection(ExtensibilityGlobals) = postSolution
		SolutionGuid = {97677CB6-D382-4675-9A33-CF9CA7245683}
	EndGlobalSection
EndGlobal
