
Microsoft Visual Studio Solution File, Format Version 12.00
# Visual Studio Version 17
VisualStudioVersion = 17.5.002.0
MinimumVisualStudioVersion = 10.0.40219.1
Project("{9A19103F-16F7-4668-BE54-9A1E7A4F7556}") = "test", "test.csproj", "{DCDA24EB-6E56-442D-896A-1BC4410B866B}"
EndProject
Global
	GlobalSection(SolutionConfigurationPlatforms) = preSolution
		Debug|Any CPU = Debug|Any CPU
		Release|Any CPU = Release|Any CPU
	EndGlobalSection
	GlobalSection(ProjectConfigurationPlatforms) = postSolution
		{DCDA24EB-6E56-442D-896A-1BC4410B866B}.Debug|Any CPU.ActiveCfg = Debug|Any CPU
		{DCDA24EB-6E56-442D-896A-1BC4410B866B}.Debug|Any CPU.Build.0 = Debug|Any CPU
		{DCDA24EB-6E56-442D-896A-1BC4410B866B}.Release|Any CPU.ActiveCfg = Release|Any CPU
		{DCDA24EB-6E56-442D-896A-1BC4410B866B}.Release|Any CPU.Build.0 = Release|Any CPU
	EndGlobalSection
	GlobalSection(SolutionProperties) = preSolution
		HideSolutionNode = FALSE
	EndGlobalSection
	GlobalSection(ExtensibilityGlobals) = postSolution
		SolutionGuid = {E12E2F40-6A2E-4B08-8DE0-2AAC9411B4C4}
	EndGlobalSection
EndGlobal
