
Microsoft Visual Studio Solution File, Format Version 12.00
# Visual Studio Version 17
VisualStudioVersion = 17.8.34511.84
MinimumVisualStudioVersion = 10.0.40219.1
Project("{FAE04EC0-301F-11D3-BF4B-00C04F79EFBC}") = "createtextfile", "createtextfile\createtextfile.csproj", "{FEBEDD71-1AA8-4575-81ED-786DBB34B712}"
EndProject
Global
	GlobalSection(SolutionConfigurationPlatforms) = preSolution
		Debug|Any CPU = Debug|Any CPU
		Release|Any CPU = Release|Any CPU
	EndGlobalSection
	GlobalSection(ProjectConfigurationPlatforms) = postSolution
		{FEBEDD71-1AA8-4575-81ED-786DBB34B712}.Debug|Any CPU.ActiveCfg = Debug|Any CPU
		{FEBEDD71-1AA8-4575-81ED-786DBB34B712}.Debug|Any CPU.Build.0 = Debug|Any CPU
		{FEBEDD71-1AA8-4575-81ED-786DBB34B712}.Release|Any CPU.ActiveCfg = Release|Any CPU
		{FEBEDD71-1AA8-4575-81ED-786DBB34B712}.Release|Any CPU.Build.0 = Release|Any CPU
	EndGlobalSection
	GlobalSection(SolutionProperties) = preSolution
		HideSolutionNode = FALSE
	EndGlobalSection
	GlobalSection(ExtensibilityGlobals) = postSolution
		SolutionGuid = {EBA1CE05-D196-4EDD-AB7A-8BF41F15B9A0}
	EndGlobalSection
EndGlobal
