
Microsoft Visual Studio Solution File, Format Version 12.00
# Visual Studio Version 17
VisualStudioVersion = 17.8.34525.116
MinimumVisualStudioVersion = 10.0.40219.1
Project("{FAE04EC0-301F-11D3-BF4B-00C04F79EFBC}") = "ConsoleApp1", "ConsoleApp1\ConsoleApp1.csproj", "{71DA67F7-052B-493F-8F4C-763AF9CE1C25}"
EndProject
Global
	GlobalSection(SolutionConfigurationPlatforms) = preSolution
		Debug|Any CPU = Debug|Any CPU
		Release|Any CPU = Release|Any CPU
	EndGlobalSection
	GlobalSection(ProjectConfigurationPlatforms) = postSolution
		{71DA67F7-052B-493F-8F4C-763AF9CE1C25}.Debug|Any CPU.ActiveCfg = Debug|Any CPU
		{71DA67F7-052B-493F-8F4C-763AF9CE1C25}.Debug|Any CPU.Build.0 = Debug|Any CPU
		{71DA67F7-052B-493F-8F4C-763AF9CE1C25}.Release|Any CPU.ActiveCfg = Release|Any CPU
		{71DA67F7-052B-493F-8F4C-763AF9CE1C25}.Release|Any CPU.Build.0 = Release|Any CPU
	EndGlobalSection
	GlobalSection(SolutionProperties) = preSolution
		HideSolutionNode = FALSE
	EndGlobalSection
	GlobalSection(ExtensibilityGlobals) = postSolution
		SolutionGuid = {4FB38DC1-2875-4791-9D74-4A44877A3464}
	EndGlobalSection
EndGlobal
