
Microsoft Visual Studio Solution File, Format Version 12.00
# Visual Studio Version 17
VisualStudioVersion = 17.5.002.0
MinimumVisualStudioVersion = 10.0.40219.1
Project("{9A19103F-16F7-4668-BE54-9A1E7A4F7556}") = "С#_Iterationrootfind", "С#_Iterationrootfind.csproj", "{7191C943-E7DC-4D11-9F7D-071D59E8F805}"
EndProject
Global
	GlobalSection(SolutionConfigurationPlatforms) = preSolution
		Debug|Any CPU = Debug|Any CPU
		Release|Any CPU = Release|Any CPU
	EndGlobalSection
	GlobalSection(ProjectConfigurationPlatforms) = postSolution
		{7191C943-E7DC-4D11-9F7D-071D59E8F805}.Debug|Any CPU.ActiveCfg = Debug|Any CPU
		{7191C943-E7DC-4D11-9F7D-071D59E8F805}.Debug|Any CPU.Build.0 = Debug|Any CPU
		{7191C943-E7DC-4D11-9F7D-071D59E8F805}.Release|Any CPU.ActiveCfg = Release|Any CPU
		{7191C943-E7DC-4D11-9F7D-071D59E8F805}.Release|Any CPU.Build.0 = Release|Any CPU
	EndGlobalSection
	GlobalSection(SolutionProperties) = preSolution
		HideSolutionNode = FALSE
	EndGlobalSection
	GlobalSection(ExtensibilityGlobals) = postSolution
		SolutionGuid = {341B15A0-0D41-4A41-8381-B561931956A2}
	EndGlobalSection
EndGlobal
