
Microsoft Visual Studio Solution File, Format Version 12.00
# Visual Studio Version 17
VisualStudioVersion = 17.5.002.0
MinimumVisualStudioVersion = 10.0.40219.1
Project("{9A19103F-16F7-4668-BE54-9A1E7A4F7556}") = "taskfile18", "taskfile18.csproj", "{23A5472A-E36B-4058-A11C-E92ACEC18D19}"
EndProject
Global
	GlobalSection(SolutionConfigurationPlatforms) = preSolution
		Debug|Any CPU = Debug|Any CPU
		Release|Any CPU = Release|Any CPU
	EndGlobalSection
	GlobalSection(ProjectConfigurationPlatforms) = postSolution
		{23A5472A-E36B-4058-A11C-E92ACEC18D19}.Debug|Any CPU.ActiveCfg = Debug|Any CPU
		{23A5472A-E36B-4058-A11C-E92ACEC18D19}.Debug|Any CPU.Build.0 = Debug|Any CPU
		{23A5472A-E36B-4058-A11C-E92ACEC18D19}.Release|Any CPU.ActiveCfg = Release|Any CPU
		{23A5472A-E36B-4058-A11C-E92ACEC18D19}.Release|Any CPU.Build.0 = Release|Any CPU
	EndGlobalSection
	GlobalSection(SolutionProperties) = preSolution
		HideSolutionNode = FALSE
	EndGlobalSection
	GlobalSection(ExtensibilityGlobals) = postSolution
		SolutionGuid = {FA2CFDDF-DC95-482F-A02A-8CEA4866047A}
	EndGlobalSection
EndGlobal
