
Microsoft Visual Studio Solution File, Format Version 12.00
# Visual Studio Version 17
VisualStudioVersion = 17.5.002.0
MinimumVisualStudioVersion = 10.0.40219.1
Project("{9A19103F-16F7-4668-BE54-9A1E7A4F7556}") = "c#", "c#.csproj", "{302AB01D-EC40-45D2-9AAD-0125EAF8619B}"
EndProject
Global
	GlobalSection(SolutionConfigurationPlatforms) = preSolution
		Debug|Any CPU = Debug|Any CPU
		Release|Any CPU = Release|Any CPU
	EndGlobalSection
	GlobalSection(ProjectConfigurationPlatforms) = postSolution
		{302AB01D-EC40-45D2-9AAD-0125EAF8619B}.Debug|Any CPU.ActiveCfg = Debug|Any CPU
		{302AB01D-EC40-45D2-9AAD-0125EAF8619B}.Debug|Any CPU.Build.0 = Debug|Any CPU
		{302AB01D-EC40-45D2-9AAD-0125EAF8619B}.Release|Any CPU.ActiveCfg = Release|Any CPU
		{302AB01D-EC40-45D2-9AAD-0125EAF8619B}.Release|Any CPU.Build.0 = Release|Any CPU
	EndGlobalSection
	GlobalSection(SolutionProperties) = preSolution
		HideSolutionNode = FALSE
	EndGlobalSection
	GlobalSection(ExtensibilityGlobals) = postSolution
		SolutionGuid = {77EB34A4-EAE9-4946-BEB3-D16D7E371AED}
	EndGlobalSection
EndGlobal
