
Microsoft Visual Studio Solution File, Format Version 12.00
# Visual Studio Version 17
VisualStudioVersion = 17.5.002.0
MinimumVisualStudioVersion = 10.0.40219.1
Project("{9A19103F-16F7-4668-BE54-9A1E7A4F7556}") = "2", "2.csproj", "{95324D68-EB24-490A-8D20-1FD98C16852D}"
EndProject
Global
	GlobalSection(SolutionConfigurationPlatforms) = preSolution
		Debug|Any CPU = Debug|Any CPU
		Release|Any CPU = Release|Any CPU
	EndGlobalSection
	GlobalSection(ProjectConfigurationPlatforms) = postSolution
		{95324D68-EB24-490A-8D20-1FD98C16852D}.Debug|Any CPU.ActiveCfg = Debug|Any CPU
		{95324D68-EB24-490A-8D20-1FD98C16852D}.Debug|Any CPU.Build.0 = Debug|Any CPU
		{95324D68-EB24-490A-8D20-1FD98C16852D}.Release|Any CPU.ActiveCfg = Release|Any CPU
		{95324D68-EB24-490A-8D20-1FD98C16852D}.Release|Any CPU.Build.0 = Release|Any CPU
	EndGlobalSection
	GlobalSection(SolutionProperties) = preSolution
		HideSolutionNode = FALSE
	EndGlobalSection
	GlobalSection(ExtensibilityGlobals) = postSolution
		SolutionGuid = {49AE8F99-5C17-4022-ACA1-17A5331D7901}
	EndGlobalSection
EndGlobal
