
Microsoft Visual Studio Solution File, Format Version 12.00
# Visual Studio Version 17
VisualStudioVersion = 17.5.002.0
MinimumVisualStudioVersion = 10.0.40219.1
Project("{9A19103F-16F7-4668-BE54-9A1E7A4F7556}") = "while_prog_6_22_Opanasenko", "while_prog_6_22_Opanasenko.csproj", "{BA382122-E1D2-4DE4-98FB-217AFB50574D}"
EndProject
Global
	GlobalSection(SolutionConfigurationPlatforms) = preSolution
		Debug|Any CPU = Debug|Any CPU
		Release|Any CPU = Release|Any CPU
	EndGlobalSection
	GlobalSection(ProjectConfigurationPlatforms) = postSolution
		{BA382122-E1D2-4DE4-98FB-217AFB50574D}.Debug|Any CPU.ActiveCfg = Debug|Any CPU
		{BA382122-E1D2-4DE4-98FB-217AFB50574D}.Debug|Any CPU.Build.0 = Debug|Any CPU
		{BA382122-E1D2-4DE4-98FB-217AFB50574D}.Release|Any CPU.ActiveCfg = Release|Any CPU
		{BA382122-E1D2-4DE4-98FB-217AFB50574D}.Release|Any CPU.Build.0 = Release|Any CPU
	EndGlobalSection
	GlobalSection(SolutionProperties) = preSolution
		HideSolutionNode = FALSE
	EndGlobalSection
	GlobalSection(ExtensibilityGlobals) = postSolution
		SolutionGuid = {B180C723-525E-4062-9C67-4874AFECFDE5}
	EndGlobalSection
EndGlobal
