
Microsoft Visual Studio Solution File, Format Version 12.00
# Visual Studio Version 17
VisualStudioVersion = 17.5.002.0
MinimumVisualStudioVersion = 10.0.40219.1
Project("{9A19103F-16F7-4668-BE54-9A1E7A4F7556}") = "while_prog_6_46_Sinitsyn", "while_prog_6_46_Sinitsyn.csproj", "{5400F32A-B416-4B99-9A6F-4EB85F7E7212}"
EndProject
Global
	GlobalSection(SolutionConfigurationPlatforms) = preSolution
		Debug|Any CPU = Debug|Any CPU
		Release|Any CPU = Release|Any CPU
	EndGlobalSection
	GlobalSection(ProjectConfigurationPlatforms) = postSolution
		{5400F32A-B416-4B99-9A6F-4EB85F7E7212}.Debug|Any CPU.ActiveCfg = Debug|Any CPU
		{5400F32A-B416-4B99-9A6F-4EB85F7E7212}.Debug|Any CPU.Build.0 = Debug|Any CPU
		{5400F32A-B416-4B99-9A6F-4EB85F7E7212}.Release|Any CPU.ActiveCfg = Release|Any CPU
		{5400F32A-B416-4B99-9A6F-4EB85F7E7212}.Release|Any CPU.Build.0 = Release|Any CPU
	EndGlobalSection
	GlobalSection(SolutionProperties) = preSolution
		HideSolutionNode = FALSE
	EndGlobalSection
	GlobalSection(ExtensibilityGlobals) = postSolution
		SolutionGuid = {F24A242C-EFFB-4448-B939-E1B84A20A7AA}
	EndGlobalSection
EndGlobal
