
Microsoft Visual Studio Solution File, Format Version 12.00
# Visual Studio Version 17
VisualStudioVersion = 17.5.002.0
MinimumVisualStudioVersion = 10.0.40219.1
Project("{9A19103F-16F7-4668-BE54-9A1E7A4F7556}") = "class", "class.csproj", "{0B2634E1-5104-46E7-8DD7-5333D1F4A370}"
EndProject
Global
	GlobalSection(SolutionConfigurationPlatforms) = preSolution
		Debug|Any CPU = Debug|Any CPU
		Release|Any CPU = Release|Any CPU
	EndGlobalSection
	GlobalSection(ProjectConfigurationPlatforms) = postSolution
		{0B2634E1-5104-46E7-8DD7-5333D1F4A370}.Debug|Any CPU.ActiveCfg = Debug|Any CPU
		{0B2634E1-5104-46E7-8DD7-5333D1F4A370}.Debug|Any CPU.Build.0 = Debug|Any CPU
		{0B2634E1-5104-46E7-8DD7-5333D1F4A370}.Release|Any CPU.ActiveCfg = Release|Any CPU
		{0B2634E1-5104-46E7-8DD7-5333D1F4A370}.Release|Any CPU.Build.0 = Release|Any CPU
	EndGlobalSection
	GlobalSection(SolutionProperties) = preSolution
		HideSolutionNode = FALSE
	EndGlobalSection
	GlobalSection(ExtensibilityGlobals) = postSolution
		SolutionGuid = {8AE21AD6-C45A-44CF-B09D-C74DB4D19969}
	EndGlobalSection
EndGlobal
