
Microsoft Visual Studio Solution File, Format Version 12.00
# Visual Studio Version 17
VisualStudioVersion = 17.5.002.0
MinimumVisualStudioVersion = 10.0.40219.1
Project("{9A19103F-16F7-4668-BE54-9A1E7A4F7556}") = "begin_ch_exp", "begin_ch_exp.csproj", "{6E796150-A9D8-4491-B2A0-ABA05FBB04EB}"
EndProject
Global
	GlobalSection(SolutionConfigurationPlatforms) = preSolution
		Debug|Any CPU = Debug|Any CPU
		Release|Any CPU = Release|Any CPU
	EndGlobalSection
	GlobalSection(ProjectConfigurationPlatforms) = postSolution
		{6E796150-A9D8-4491-B2A0-ABA05FBB04EB}.Debug|Any CPU.ActiveCfg = Debug|Any CPU
		{6E796150-A9D8-4491-B2A0-ABA05FBB04EB}.Debug|Any CPU.Build.0 = Debug|Any CPU
		{6E796150-A9D8-4491-B2A0-ABA05FBB04EB}.Release|Any CPU.ActiveCfg = Release|Any CPU
		{6E796150-A9D8-4491-B2A0-ABA05FBB04EB}.Release|Any CPU.Build.0 = Release|Any CPU
	EndGlobalSection
	GlobalSection(SolutionProperties) = preSolution
		HideSolutionNode = FALSE
	EndGlobalSection
	GlobalSection(ExtensibilityGlobals) = postSolution
		SolutionGuid = {42701FBA-63BE-4C70-AAF5-273CC333356F}
	EndGlobalSection
EndGlobal
