
Microsoft Visual Studio Solution File, Format Version 12.00
# Visual Studio Version 17
VisualStudioVersion = 17.8.34525.116
MinimumVisualStudioVersion = 10.0.40219.1
Project("{FAE04EC0-301F-11D3-BF4B-00C04F79EFBC}") = "var21.p7.2", "var21.p7.2\var21.p7.2.csproj", "{559A1414-C768-4E26-A5C3-9F9A59E2D0BD}"
EndProject
Global
	GlobalSection(SolutionConfigurationPlatforms) = preSolution
		Debug|Any CPU = Debug|Any CPU
		Release|Any CPU = Release|Any CPU
	EndGlobalSection
	GlobalSection(ProjectConfigurationPlatforms) = postSolution
		{559A1414-C768-4E26-A5C3-9F9A59E2D0BD}.Debug|Any CPU.ActiveCfg = Debug|Any CPU
		{559A1414-C768-4E26-A5C3-9F9A59E2D0BD}.Debug|Any CPU.Build.0 = Debug|Any CPU
		{559A1414-C768-4E26-A5C3-9F9A59E2D0BD}.Release|Any CPU.ActiveCfg = Release|Any CPU
		{559A1414-C768-4E26-A5C3-9F9A59E2D0BD}.Release|Any CPU.Build.0 = Release|Any CPU
	EndGlobalSection
	GlobalSection(SolutionProperties) = preSolution
		HideSolutionNode = FALSE
	EndGlobalSection
	GlobalSection(ExtensibilityGlobals) = postSolution
		SolutionGuid = {D1478069-EB12-465C-B310-DB4B19A72F3C}
	EndGlobalSection
EndGlobal
