
Microsoft Visual Studio Solution File, Format Version 12.00
# Visual Studio Version 17
VisualStudioVersion = 17.5.002.0
MinimumVisualStudioVersion = 10.0.40219.1
Project("{9A19103F-16F7-4668-BE54-9A1E7A4F7556}") = "C#_iterrat_rootfind", "C#_iterrat_rootfind.csproj", "{AECF9336-3F78-45C0-9734-2173962458D5}"
EndProject
Global
	GlobalSection(SolutionConfigurationPlatforms) = preSolution
		Debug|Any CPU = Debug|Any CPU
		Release|Any CPU = Release|Any CPU
	EndGlobalSection
	GlobalSection(ProjectConfigurationPlatforms) = postSolution
		{AECF9336-3F78-45C0-9734-2173962458D5}.Debug|Any CPU.ActiveCfg = Debug|Any CPU
		{AECF9336-3F78-45C0-9734-2173962458D5}.Debug|Any CPU.Build.0 = Debug|Any CPU
		{AECF9336-3F78-45C0-9734-2173962458D5}.Release|Any CPU.ActiveCfg = Release|Any CPU
		{AECF9336-3F78-45C0-9734-2173962458D5}.Release|Any CPU.Build.0 = Release|Any CPU
	EndGlobalSection
	GlobalSection(SolutionProperties) = preSolution
		HideSolutionNode = FALSE
	EndGlobalSection
	GlobalSection(ExtensibilityGlobals) = postSolution
		SolutionGuid = {970095DD-AB36-4ED2-86FE-32BC77546B2E}
	EndGlobalSection
EndGlobal
