
Microsoft Visual Studio Solution File, Format Version 12.00
# Visual Studio Version 17
VisualStudioVersion = 17.5.002.0
MinimumVisualStudioVersion = 10.0.40219.1
Project("{9A19103F-16F7-4668-BE54-9A1E7A4F7556}") = "Sinitsyn_if_6", "Sinitsyn_if_6.csproj", "{0B3567A3-84AD-4113-A223-6E7A2F047835}"
EndProject
Global
	GlobalSection(SolutionConfigurationPlatforms) = preSolution
		Debug|Any CPU = Debug|Any CPU
		Release|Any CPU = Release|Any CPU
	EndGlobalSection
	GlobalSection(ProjectConfigurationPlatforms) = postSolution
		{0B3567A3-84AD-4113-A223-6E7A2F047835}.Debug|Any CPU.ActiveCfg = Debug|Any CPU
		{0B3567A3-84AD-4113-A223-6E7A2F047835}.Debug|Any CPU.Build.0 = Debug|Any CPU
		{0B3567A3-84AD-4113-A223-6E7A2F047835}.Release|Any CPU.ActiveCfg = Release|Any CPU
		{0B3567A3-84AD-4113-A223-6E7A2F047835}.Release|Any CPU.Build.0 = Release|Any CPU
	EndGlobalSection
	GlobalSection(SolutionProperties) = preSolution
		HideSolutionNode = FALSE
	EndGlobalSection
	GlobalSection(ExtensibilityGlobals) = postSolution
		SolutionGuid = {08A83A2A-8399-4893-B88C-5BCE9A3496E2}
	EndGlobalSection
EndGlobal
